// !$*UTF8*$!
{
	archiveVersion = 1;
	classes = {
	};
	objectVersion = 77;
	objects = {

/* Begin PBXContainerItemProxy section */
		A7F614F92E54CFA900FA87E8 /* PBXContainerItemProxy */ = {
			isa = PBXContainerItemProxy;
			containerPortal = A7F614E22E54CFA700FA87E8 /* Project object */;
			proxyType = 1;
			remoteGlobalIDString = A7F614E92E54CFA700FA87E8;
			remoteInfo = FinderSemanticSearch;
		};
		A7F615032E54CFA900FA87E8 /* PBXContainerItemProxy */ = {
			isa = PBXContainerItemProxy;
			containerPortal = A7F614E22E54CFA700FA87E8 /* Project object */;
			proxyType = 1;
			remoteGlobalIDString = A7F614E92E54CFA700FA87E8;
			remoteInfo = FinderSemanticSearch;
		};
/* End PBXContainerItemProxy section */

/* Begin PBXFileReference section */
		A7F614EA2E54CFA700FA87E8 /* FinderSemanticSearch.app */ = {isa = PBXFileReference; explicitFileType = wrapper.application; includeInIndex = 0; path = FinderSemanticSearch.app; sourceTree = BUILT_PRODUCTS_DIR; };
		A7F614F82E54CFA900FA87E8 /* FinderSemanticSearchTests.xctest */ = {isa = PBXFileReference; explicitFileType = wrapper.cfbundle; includeInIndex = 0; path = FinderSemanticSearchTests.xctest; sourceTree = BUILT_PRODUCTS_DIR; };
		A7F615022E54CFA900FA87E8 /* FinderSemanticSearchUITests.xctest */ = {isa = PBXFileReference; explicitFileType = wrapper.cfbundle; includeInIndex = 0; path = FinderSemanticSearchUITests.xctest; sourceTree = BUILT_PRODUCTS_DIR; };
/* End PBXFileReference section */

/* Begin PBXFileSystemSynchronizedRootGroup section */
		A7F614EC2E54CFA700FA87E8 /* FinderSemanticSearch */ = {
			isa = PBXFileSystemSynchronizedRootGroup;
			path = FinderSemanticSearch;
			sourceTree = "<group>";
		};
		A7F614FB2E54CFA900FA87E8 /* FinderSemanticSearchTests */ = {
			isa = PBXFileSystemSynchronizedRootGroup;
			path = FinderSemanticSearchTests;
			sourceTree = "<group>";
		};
		A7F615052E54CFA900FA87E8 /* FinderSemanticSearchUITests */ = {
			isa = PBXFileSystemSynchronizedRootGroup;
			path = FinderSemanticSearchUITests;
			sourceTree = "<group>";
		};
/* End PBXFileSystemSynchronizedRootGroup section */

/* Begin PBXFrameworksBuildPhase section */
		A7F614E72E54CFA700FA87E8 /* Frameworks */ = {
			isa = PBXFrameworksBuildPhase;
			buildActionMask = 2147483647;
			files = (
			);
			runOnlyForDeploymentPostprocessing = 0;
		};
		A7F614F52E54CFA900FA87E8 /* Frameworks */ = {
			isa = PBXFrameworksBuildPhase;
			buildActionMask = 2147483647;
			files = (
			);
			runOnlyForDeploymentPostprocessing = 0;
		};
		A7F614FF2E54CFA900FA87E8 /* Frameworks */ = {
			isa = PBXFrameworksBuildPhase;
			buildActionMask = 2147483647;
			files = (
			);
			runOnlyForDeploymentPostprocessing = 0;
		};
/* End PBXFrameworksBuildPhase section */

/* Begin PBXGroup section */
		A7F614E12E54CFA700FA87E8 = {
			isa = PBXGroup;
			children = (
				A7F614EC2E54CFA700FA87E8 /* FinderSemanticSearch */,
				A7F614FB2E54CFA900FA87E8 /* FinderSemanticSearchTests */,
				A7F615052E54CFA900FA87E8 /* FinderSemanticSearchUITests */,
				A7F614EB2E54CFA700FA87E8 /* Products */,
			);
			sourceTree = "<group>";
		};
		A7F614EB2E54CFA700FA87E8 /* Products */ = {
			isa = PBXGroup;
			children = (
				A7F614EA2E54CFA700FA87E8 /* FinderSemanticSearch.app */,
				A7F614F82E54CFA900FA87E8 /* FinderSemanticSearchTests.xctest */,
				A7F615022E54CFA900FA87E8 /* FinderSemanticSearchUITests.xctest */,
			);
			name = Products;
			sourceTree = "<group>";
		};
/* End PBXGroup section */

/* Begin PBXNativeTarget section */
		A7F614E92E54CFA700FA87E8 /* FinderSemanticSearch */ = {
			isa = PBXNativeTarget;
			buildConfigurationList = A7F6150C2E54CFA900FA87E8 /* Build configuration list for PBXNativeTarget "FinderSemanticSearch" */;
			buildPhases = (
				A7F614E62E54CFA700FA87E8 /* Sources */,
				A7F614E72E54CFA700FA87E8 /* Frameworks */,
				A7F614E82E54CFA700FA87E8 /* Resources */,
				A7F615202E55E84B00FA87E8 /* Copy Python CLI */,
			);
			buildRules = (
			);
			dependencies = (
			);
			fileSystemSynchronizedGroups = (
				A7F614EC2E54CFA700FA87E8 /* FinderSemanticSearch */,
			);
			name = FinderSemanticSearch;
			packageProductDependencies = (
			);
			productName = FinderSemanticSearch;
			productReference = A7F614EA2E54CFA700FA87E8 /* FinderSemanticSearch.app */;
			productType = "com.apple.product-type.application";
		};
		A7F614F72E54CFA900FA87E8 /* FinderSemanticSearchTests */ = {
			isa = PBXNativeTarget;
			buildConfigurationList = A7F6150F2E54CFA900FA87E8 /* Build configuration list for PBXNativeTarget "FinderSemanticSearchTests" */;
			buildPhases = (
				A7F614F42E54CFA900FA87E8 /* Sources */,
				A7F614F52E54CFA900FA87E8 /* Frameworks */,
				A7F614F62E54CFA900FA87E8 /* Resources */,
			);
			buildRules = (
			);
			dependencies = (
				A7F614FA2E54CFA900FA87E8 /* PBXTargetDependency */,
			);
			fileSystemSynchronizedGroups = (
				A7F614FB2E54CFA900FA87E8 /* FinderSemanticSearchTests */,
			);
			name = FinderSemanticSearchTests;
			packageProductDependencies = (
			);
			productName = FinderSemanticSearchTests;
			productReference = A7F614F82E54CFA900FA87E8 /* FinderSemanticSearchTests.xctest */;
			productType = "com.apple.product-type.bundle.unit-test";
		};
		A7F615012E54CFA900FA87E8 /* FinderSemanticSearchUITests */ = {
			isa = PBXNativeTarget;
			buildConfigurationList = A7F615122E54CFA900FA87E8 /* Build configuration list for PBXNativeTarget "FinderSemanticSearchUITests" */;
			buildPhases = (
				A7F614FE2E54CFA900FA87E8 /* Sources */,
				A7F614FF2E54CFA900FA87E8 /* Frameworks */,
				A7F615002E54CFA900FA87E8 /* Resources */,
			);
			buildRules = (
			);
			dependencies = (
				A7F615042E54CFA900FA87E8 /* PBXTargetDependency */,
			);
			fileSystemSynchronizedGroups = (
				A7F615052E54CFA900FA87E8 /* FinderSemanticSearchUITests */,
			);
			name = FinderSemanticSearchUITests;
			packageProductDependencies = (
			);
			productName = FinderSemanticSearchUITests;
			productReference = A7F615022E54CFA900FA87E8 /* FinderSemanticSearchUITests.xctest */;
			productType = "com.apple.product-type.bundle.ui-testing";
		};
/* End PBXNativeTarget section */

/* Begin PBXProject section */
		A7F614E22E54CFA700FA87E8 /* Project object */ = {
			isa = PBXProject;
			attributes = {
				BuildIndependentTargetsInParallel = 1;
				LastSwiftUpdateCheck = 1640;
				LastUpgradeCheck = 1640;
				TargetAttributes = {
					A7F614E92E54CFA700FA87E8 = {
						CreatedOnToolsVersion = 16.4;
					};
					A7F614F72E54CFA900FA87E8 = {
						CreatedOnToolsVersion = 16.4;
						TestTargetID = A7F614E92E54CFA700FA87E8;
					};
					A7F615012E54CFA900FA87E8 = {
						CreatedOnToolsVersion = 16.4;
						TestTargetID = A7F614E92E54CFA700FA87E8;
					};
				};
			};
			buildConfigurationList = A7F614E52E54CFA700FA87E8 /* Build configuration list for PBXProject "FinderSemanticSearch" */;
			developmentRegion = en;
			hasScannedForEncodings = 0;
			knownRegions = (
				en,
				Base,
			);
			mainGroup = A7F614E12E54CFA700FA87E8;
			minimizedProjectReferenceProxies = 1;
			preferredProjectObjectVersion = 77;
			productRefGroup = A7F614EB2E54CFA700FA87E8 /* Products */;
			projectDirPath = "";
			projectRoot = "";
			targets = (
				A7F614E92E54CFA700FA87E8 /* FinderSemanticSearch */,
				A7F614F72E54CFA900FA87E8 /* FinderSemanticSearchTests */,
				A7F615012E54CFA900FA87E8 /* FinderSemanticSearchUITests */,
			);
		};
/* End PBXProject section */

/* Begin PBXResourcesBuildPhase section */
		A7F614E82E54CFA700FA87E8 /* Resources */ = {
			isa = PBXResourcesBuildPhase;
			buildActionMask = 2147483647;
			files = (
			);
			runOnlyForDeploymentPostprocessing = 0;
		};
		A7F614F62E54CFA900FA87E8 /* Resources */ = {
			isa = PBXResourcesBuildPhase;
			buildActionMask = 2147483647;
			files = (
			);
			runOnlyForDeploymentPostprocessing = 0;
		};
		A7F615002E54CFA900FA87E8 /* Resources */ = {
			isa = PBXResourcesBuildPhase;
			buildActionMask = 2147483647;
			files = (
			);
			runOnlyForDeploymentPostprocessing = 0;
		};
/* End PBXResourcesBuildPhase section */

/* Begin PBXShellScriptBuildPhase section */
		A7F615202E55E84B00FA87E8 /* Copy Python CLI */ = {
			isa = PBXShellScriptBuildPhase;
			buildActionMask = 2147483647;
			files = (
			);
			inputFileListPaths = (
			);
			inputPaths = (
				"$(PROJECT_DIR)/../local-doc-search/cli.py",
				"$(PROJECT_DIR)/../local-doc-search/cli_standalone.py",
				"$(PROJECT_DIR)/../local-doc-search/config.yaml",
			);
			name = "Copy Python CLI";
			outputFileListPaths = (
			);
			outputPaths = (
				"$(BUILT_PRODUCTS_DIR)/$(CONTENTS_FOLDER_PATH)/Resources/python_cli/cli.py",
				"$(BUILT_PRODUCTS_DIR)/$(CONTENTS_FOLDER_PATH)/Resources/python_cli/cli_standalone.py",
				"$(BUILT_PRODUCTS_DIR)/$(CONTENTS_FOLDER_PATH)/Resources/python_cli/config.yaml",
			);
			runOnlyForDeploymentPostprocessing = 0;
			shellPath = /bin/sh;
			shellScript = "#!/bin/bash\nSOURCE_DIR=\"${PROJECT_DIR}/../local-doc-search\"\nDEST_DIR=\"${BUILT_PRODUCTS_DIR}/${CONTENTS_FOLDER_PATH}/Resources/python_cli\"\nif [ ! -d \"$SOURCE_DIR\" ]; then\n    echo \"Error: Python CLI source not found at $SOURCE_DIR\"\n    exit 1\nfi\nmkdir -p \"$DEST_DIR\"\ncp \"$SOURCE_DIR/cli.py\" \"$DEST_DIR/\"\ncp \"$SOURCE_DIR/cli_standalone.py\" \"$DEST_DIR/\"\ncp \"$SOURCE_DIR/config.yaml\" \"$DEST_DIR/\"\n# Copy src directory files individually to work around sandbox restrictions\nmkdir -p \"$DEST_DIR/src\"\ncp \"$SOURCE_DIR/src/\"*.py \"$DEST_DIR/src/\" 2>/dev/null || true\necho \"Python CLI successfully copied to: $DEST_DIR\"\n";
		};
/* End PBXShellScriptBuildPhase section */

/* Begin PBXSourcesBuildPhase section */
		A7F614E62E54CFA700FA87E8 /* Sources */ = {
			isa = PBXSourcesBuildPhase;
			buildActionMask = 2147483647;
			files = (
			);
			runOnlyForDeploymentPostprocessing = 0;
		};
		A7F614F42E54CFA900FA87E8 /* Sources */ = {
			isa = PBXSourcesBuildPhase;
			buildActionMask = 2147483647;
			files = (
			);
			runOnlyForDeploymentPostprocessing = 0;
		};
		A7F614FE2E54CFA900FA87E8 /* Sources */ = {
			isa = PBXSourcesBuildPhase;
			buildActionMask = 2147483647;
			files = (
			);
			runOnlyForDeploymentPostprocessing = 0;
		};
/* End PBXSourcesBuildPhase section */

/* Begin PBXTargetDependency section */
		A7F614FA2E54CFA900FA87E8 /* PBXTargetDependency */ = {
			isa = PBXTargetDependency;
			target = A7F614E92E54CFA700FA87E8 /* FinderSemanticSearch */;
			targetProxy = A7F614F92E54CFA900FA87E8 /* PBXContainerItemProxy */;
		};
		A7F615042E54CFA900FA87E8 /* PBXTargetDependency */ = {
			isa = PBXTargetDependency;
			target = A7F614E92E54CFA700FA87E8 /* FinderSemanticSearch */;
			targetProxy = A7F615032E54CFA900FA87E8 /* PBXContainerItemProxy */;
		};
/* End PBXTargetDependency section */

/* Begin XCBuildConfiguration section */
		A7F6150A2E54CFA900FA87E8 /* Debug */ = {
			isa = XCBuildConfiguration;
			buildSettings = {
				ALWAYS_SEARCH_USER_PATHS = NO;
				ASSETCATALOG_COMPILER_GENERATE_SWIFT_ASSET_SYMBOL_EXTENSIONS = YES;
				CLANG_ANALYZER_NONNULL = YES;
				CLANG_ANALYZER_NUMBER_OBJECT_CONVERSION = YES_AGGRESSIVE;
				CLANG_CXX_LANGUAGE_STANDARD = "gnu++20";
				CLANG_ENABLE_MODULES = YES;
				CLANG_ENABLE_OBJC_ARC = YES;
				CLANG_ENABLE_OBJC_WEAK = YES;
				CLANG_WARN_BLOCK_CAPTURE_AUTORELEASING = YES;
				CLANG_WARN_BOOL_CONVERSION = YES;
				CLANG_WARN_COMMA = YES;
				CLANG_WARN_CONSTANT_CONVERSION = YES;
				CLANG_WARN_DEPRECATED_OBJC_IMPLEMENTATIONS = YES;
				CLANG_WARN_DIRECT_OBJC_ISA_USAGE = YES_ERROR;
				CLANG_WARN_DOCUMENTATION_COMMENTS = YES;
				CLANG_WARN_EMPTY_BODY = YES;
				CLANG_WARN_ENUM_CONVERSION = YES;
				CLANG_WARN_INFINITE_RECURSION = YES;
				CLANG_WARN_INT_CONVERSION = YES;
				CLANG_WARN_NON_LITERAL_NULL_CONVERSION = YES;
				CLANG_WARN_OBJC_IMPLICIT_RETAIN_SELF = YES;
				CLANG_WARN_OBJC_LITERAL_CONVERSION = YES;
				CLANG_WARN_OBJC_ROOT_CLASS = YES_ERROR;
				CLANG_WARN_QUOTED_INCLUDE_IN_FRAMEWORK_HEADER = YES;
				CLANG_WARN_RANGE_LOOP_ANALYSIS = YES;
				CLANG_WARN_STRICT_PROTOTYPES = YES;
				CLANG_WARN_SUSPICIOUS_MOVE = YES;
				CLANG_WARN_UNGUARDED_AVAILABILITY = YES_AGGRESSIVE;
				CLANG_WARN_UNREACHABLE_CODE = YES;
				CLANG_WARN__DUPLICATE_METHOD_MATCH = YES;
				COPY_PHASE_STRIP = NO;
				DEBUG_INFORMATION_FORMAT = dwarf;
				DEVELOPMENT_TEAM = 28XRU7S6GA;
				ENABLE_STRICT_OBJC_MSGSEND = YES;
				ENABLE_TESTABILITY = YES;
				ENABLE_USER_SCRIPT_SANDBOXING = YES;
				GCC_C_LANGUAGE_STANDARD = gnu17;
				GCC_DYNAMIC_NO_PIC = NO;
				GCC_NO_COMMON_BLOCKS = YES;
				GCC_OPTIMIZATION_LEVEL = 0;
				GCC_PREPROCESSOR_DEFINITIONS = (
					"DEBUG=1",
					"$(inherited)",
				);
				GCC_WARN_64_TO_32_BIT_CONVERSION = YES;
				GCC_WARN_ABOUT_RETURN_TYPE = YES_ERROR;
				GCC_WARN_UNDECLARED_SELECTOR = YES;
				GCC_WARN_UNINITIALIZED_AUTOS = YES_AGGRESSIVE;
				GCC_WARN_UNUSED_FUNCTION = YES;
				GCC_WARN_UNUSED_VARIABLE = YES;
				LOCALIZATION_PREFERS_STRING_CATALOGS = YES;
				MACOSX_DEPLOYMENT_TARGET = 15.5;
				MTL_ENABLE_DEBUG_INFO = INCLUDE_SOURCE;
				MTL_FAST_MATH = YES;
				ONLY_ACTIVE_ARCH = YES;
				SDKROOT = macosx;
				SWIFT_ACTIVE_COMPILATION_CONDITIONS = "DEBUG $(inherited)";
				SWIFT_OPTIMIZATION_LEVEL = "-Onone";
			};
			name = Debug;
		};
		A7F6150B2E54CFA900FA87E8 /* Release */ = {
			isa = XCBuildConfiguration;
			buildSettings = {
				ALWAYS_SEARCH_USER_PATHS = NO;
				ASSETCATALOG_COMPILER_GENERATE_SWIFT_ASSET_SYMBOL_EXTENSIONS = YES;
				CLANG_ANALYZER_NONNULL = YES;
				CLANG_ANALYZER_NUMBER_OBJECT_CONVERSION = YES_AGGRESSIVE;
				CLANG_CXX_LANGUAGE_STANDARD = "gnu++20";
				CLANG_ENABLE_MODULES = YES;
				CLANG_ENABLE_OBJC_ARC = YES;
				CLANG_ENABLE_OBJC_WEAK = YES;
				CLANG_WARN_BLOCK_CAPTURE_AUTORELEASING = YES;
				CLANG_WARN_BOOL_CONVERSION = YES;
				CLANG_WARN_COMMA = YES;
				CLANG_WARN_CONSTANT_CONVERSION = YES;
				CLANG_WARN_DEPRECATED_OBJC_IMPLEMENTATIONS = YES;
				CLANG_WARN_DIRECT_OBJC_ISA_USAGE = YES_ERROR;
				CLANG_WARN_DOCUMENTATION_COMMENTS = YES;
				CLANG_WARN_EMPTY_BODY = YES;
				CLANG_WARN_ENUM_CONVERSION = YES;
				CLANG_WARN_INFINITE_RECURSION = YES;
				CLANG_WARN_INT_CONVERSION = YES;
				CLANG_WARN_NON_LITERAL_NULL_CONVERSION = YES;
				CLANG_WARN_OBJC_IMPLICIT_RETAIN_SELF = YES;
				CLANG_WARN_OBJC_LITERAL_CONVERSION = YES;
				CLANG_WARN_OBJC_ROOT_CLASS = YES_ERROR;
				CLANG_WARN_QUOTED_INCLUDE_IN_FRAMEWORK_HEADER = YES;
				CLANG_WARN_RANGE_LOOP_ANALYSIS = YES;
				CLANG_WARN_STRICT_PROTOTYPES = YES;
				CLANG_WARN_SUSPICIOUS_MOVE = YES;
				CLANG_WARN_UNGUARDED_AVAILABILITY = YES_AGGRESSIVE;
				CLANG_WARN_UNREACHABLE_CODE = YES;
				CLANG_WARN__DUPLICATE_METHOD_MATCH = YES;
				COPY_PHASE_STRIP = NO;
				DEBUG_INFORMATION_FORMAT = "dwarf-with-dsym";
				DEVELOPMENT_TEAM = 28XRU7S6GA;
				ENABLE_NS_ASSERTIONS = NO;
				ENABLE_STRICT_OBJC_MSGSEND = YES;
				ENABLE_USER_SCRIPT_SANDBOXING = YES;
				GCC_C_LANGUAGE_STANDARD = gnu17;
				GCC_NO_COMMON_BLOCKS = YES;
				GCC_WARN_64_TO_32_BIT_CONVERSION = YES;
				GCC_WARN_ABOUT_RETURN_TYPE = YES_ERROR;
				GCC_WARN_UNDECLARED_SELECTOR = YES;
				GCC_WARN_UNINITIALIZED_AUTOS = YES_AGGRESSIVE;
				GCC_WARN_UNUSED_FUNCTION = YES;
				GCC_WARN_UNUSED_VARIABLE = YES;
				LOCALIZATION_PREFERS_STRING_CATALOGS = YES;
				MACOSX_DEPLOYMENT_TARGET = 15.5;
				MTL_ENABLE_DEBUG_INFO = NO;
				MTL_FAST_MATH = YES;
				SDKROOT = macosx;
				SWIFT_COMPILATION_MODE = wholemodule;
			};
			name = Release;
		};
		A7F6150D2E54CFA900FA87E8 /* Debug */ = {
			isa = XCBuildConfiguration;
			buildSettings = {
				ASSETCATALOG_COMPILER_APPICON_NAME = AppIcon;
				ASSETCATALOG_COMPILER_GLOBAL_ACCENT_COLOR_NAME = AccentColor;
				CODE_SIGN_ENTITLEMENTS = FinderSemanticSearch/FinderSemanticSearch.entitlements;
				CODE_SIGN_STYLE = Automatic;
				COMBINE_HIDPI_IMAGES = YES;
				CURRENT_PROJECT_VERSION = 1;
				DEVELOPMENT_TEAM = 28XRU7S6GA;
				ENABLE_HARDENED_RUNTIME = YES;
				ENABLE_PREVIEWS = YES;
				GENERATE_INFOPLIST_FILE = YES;
				INFOPLIST_KEY_NSHumanReadableCopyright = "";
				LD_RUNPATH_SEARCH_PATHS = (
					"$(inherited)",
					"@executable_path/../Frameworks",
				);
				MARKETING_VERSION = 1.0;
				PRODUCT_BUNDLE_IDENTIFIER = "ch.arizona-software.FinderSemanticSearch";
				PRODUCT_NAME = "$(TARGET_NAME)";
				REGISTER_APP_GROUPS = YES;
				SWIFT_EMIT_LOC_STRINGS = YES;
				SWIFT_VERSION = 5.0;
			};
			name = Debug;
		};
		A7F6150E2E54CFA900FA87E8 /* Release */ = {
			isa = XCBuildConfiguration;
			buildSettings = {
				ASSETCATALOG_COMPILER_APPICON_NAME = AppIcon;
				ASSETCATALOG_COMPILER_GLOBAL_ACCENT_COLOR_NAME = AccentColor;
				CODE_SIGN_ENTITLEMENTS = FinderSemanticSearch/FinderSemanticSearch.entitlements;
				CODE_SIGN_STYLE = Automatic;
				COMBINE_HIDPI_IMAGES = YES;
				CURRENT_PROJECT_VERSION = 1;
				DEVELOPMENT_TEAM = 28XRU7S6GA;
				ENABLE_HARDENED_RUNTIME = YES;
				ENABLE_PREVIEWS = YES;
				GENERATE_INFOPLIST_FILE = YES;
				INFOPLIST_KEY_NSHumanReadableCopyright = "";
				LD_RUNPATH_SEARCH_PATHS = (
					"$(inherited)",
					"@executable_path/../Frameworks",
				);
				MARKETING_VERSION = 1.0;
				PRODUCT_BUNDLE_IDENTIFIER = "ch.arizona-software.FinderSemanticSearch";
				PRODUCT_NAME = "$(TARGET_NAME)";
				REGISTER_APP_GROUPS = YES;
				SWIFT_EMIT_LOC_STRINGS = YES;
				SWIFT_VERSION = 5.0;
			};
			name = Release;
		};
		A7F615102E54CFA900FA87E8 /* Debug */ = {
			isa = XCBuildConfiguration;
			buildSettings = {
				BUNDLE_LOADER = "$(TEST_HOST)";
				CODE_SIGN_STYLE = Automatic;
				CURRENT_PROJECT_VERSION = 1;
				DEVELOPMENT_TEAM = 28XRU7S6GA;
				GENERATE_INFOPLIST_FILE = YES;
				MACOSX_DEPLOYMENT_TARGET = 15.5;
				MARKETING_VERSION = 1.0;
				PRODUCT_BUNDLE_IDENTIFIER = "ch.arizona-software.FinderSemanticSearchTests";
				PRODUCT_NAME = "$(TARGET_NAME)";
				SWIFT_EMIT_LOC_STRINGS = NO;
				SWIFT_VERSION = 5.0;
				TEST_HOST = "$(BUILT_PRODUCTS_DIR)/FinderSemanticSearch.app/$(BUNDLE_EXECUTABLE_FOLDER_PATH)/FinderSemanticSearch";
			};
			name = Debug;
		};
		A7F615112E54CFA900FA87E8 /* Release */ = {
			isa = XCBuildConfiguration;
			buildSettings = {
				BUNDLE_LOADER = "$(TEST_HOST)";
				CODE_SIGN_STYLE = Automatic;
				CURRENT_PROJECT_VERSION = 1;
				DEVELOPMENT_TEAM = 28XRU7S6GA;
				GENERATE_INFOPLIST_FILE = YES;
				MACOSX_DEPLOYMENT_TARGET = 15.5;
				MARKETING_VERSION = 1.0;
				PRODUCT_BUNDLE_IDENTIFIER = "ch.arizona-software.FinderSemanticSearchTests";
				PRODUCT_NAME = "$(TARGET_NAME)";
				SWIFT_EMIT_LOC_STRINGS = NO;
				SWIFT_VERSION = 5.0;
				TEST_HOST = "$(BUILT_PRODUCTS_DIR)/FinderSemanticSearch.app/$(BUNDLE_EXECUTABLE_FOLDER_PATH)/FinderSemanticSearch";
			};
			name = Release;
		};
		A7F615132E54CFA900FA87E8 /* Debug */ = {
			isa = XCBuildConfiguration;
			buildSettings = {
				CODE_SIGN_STYLE = Automatic;
				CURRENT_PROJECT_VERSION = 1;
				DEVELOPMENT_TEAM = 28XRU7S6GA;
				GENERATE_INFOPLIST_FILE = YES;
				MARKETING_VERSION = 1.0;
				PRODUCT_BUNDLE_IDENTIFIER = "ch.arizona-software.FinderSemanticSearchUITests";
				PRODUCT_NAME = "$(TARGET_NAME)";
				SWIFT_EMIT_LOC_STRINGS = NO;
				SWIFT_VERSION = 5.0;
				TEST_TARGET_NAME = FinderSemanticSearch;
			};
			name = Debug;
		};
		A7F615142E54CFA900FA87E8 /* Release */ = {
			isa = XCBuildConfiguration;
			buildSettings = {
				CODE_SIGN_STYLE = Automatic;
				CURRENT_PROJECT_VERSION = 1;
				DEVELOPMENT_TEAM = 28XRU7S6GA;
				GENERATE_INFOPLIST_FILE = YES;
				MARKETING_VERSION = 1.0;
				PRODUCT_BUNDLE_IDENTIFIER = "ch.arizona-software.FinderSemanticSearchUITests";
				PRODUCT_NAME = "$(TARGET_NAME)";
				SWIFT_EMIT_LOC_STRINGS = NO;
				SWIFT_VERSION = 5.0;
				TEST_TARGET_NAME = FinderSemanticSearch;
			};
			name = Release;
		};
/* End XCBuildConfiguration section */

/* Begin XCConfigurationList section */
		A7F614E52E54CFA700FA87E8 /* Build configuration list for PBXProject "FinderSemanticSearch" */ = {
			isa = XCConfigurationList;
			buildConfigurations = (
				A7F6150A2E54CFA900FA87E8 /* Debug */,
				A7F6150B2E54CFA900FA87E8 /* Release */,
			);
			defaultConfigurationIsVisible = 0;
			defaultConfigurationName = Release;
		};
		A7F6150C2E54CFA900FA87E8 /* Build configuration list for PBXNativeTarget "FinderSemanticSearch" */ = {
			isa = XCConfigurationList;
			buildConfigurations = (
				A7F6150D2E54CFA900FA87E8 /* Debug */,
				A7F6150E2E54CFA900FA87E8 /* Release */,
			);
			defaultConfigurationIsVisible = 0;
			defaultConfigurationName = Release;
		};
		A7F6150F2E54CFA900FA87E8 /* Build configuration list for PBXNativeTarget "FinderSemanticSearchTests" */ = {
			isa = XCConfigurationList;
			buildConfigurations = (
				A7F615102E54CFA900FA87E8 /* Debug */,
				A7F615112E54CFA900FA87E8 /* Release */,
			);
			defaultConfigurationIsVisible = 0;
			defaultConfigurationName = Release;
		};
		A7F615122E54CFA900FA87E8 /* Build configuration list for PBXNativeTarget "FinderSemanticSearchUITests" */ = {
			isa = XCConfigurationList;
			buildConfigurations = (
				A7F615132E54CFA900FA87E8 /* Debug */,
				A7F615142E54CFA900FA87E8 /* Release */,
			);
			defaultConfigurationIsVisible = 0;
			defaultConfigurationName = Release;
		};
/* End XCConfigurationList section */
	};
	rootObject = A7F614E22E54CFA700FA87E8 /* Project object */;
}
