{
  "pins" : [
    {
      "identity" : "pythonkit",
      "kind" : "remoteSourceControl",
      "location" : "https://github.com/pvieito/PythonKit.git",
      "state" : {
        "branch" : "master",
        "revision" : "d5ba1b3b4834e8c47e0cdf0989f458bc59ab0b45"
      }
    }
  ],
  "version" : 2
}
